dependencies:
- name: minio
  repository: https://helm.min.io
  version: 7.2.1
- name: molgenis-rserve
  repository: https://registry.molgenis.org/repository/helm
  version: 0.1.2
- name: molgenis-auth
  repository: https://registry.molgenis.org/repository/helm
  version: 0.2.0
digest: sha256:b73ffc0f1db1deae4659dcecbe868c7fffe2aac022d5d424cc2d964faa502036
generated: "2021-03-03T16:09:25.889276+01:00"
